// !$*UTF8*$!
{
	archiveVersion = 1;
	classes = {
	};
	objectVersion = 46;
	objects = {

/* Begin PBXBuildFile section */
		02B7EFEE1D8BF07E00937A49 /* AppDelegate.swift in Sources */ = {isa = PBXBuildFile; fileRef = 02B7EFED1D8BF07E00937A49 /* AppDelegate.swift */; };
		02B7EFF01D8BF07E00937A49 /* ViewController.swift in Sources */ = {isa = PBXBuildFile; fileRef = 02B7EFEF1D8BF07E00937A49 /* ViewController.swift */; };
		02B7EFF31D8BF07E00937A49 /* Main.storyboard in Resources */ = {isa = PBXBuildFile; fileRef = 02B7EFF11D8BF07E00937A49 /* Main.storyboard */; };
		02B7EFF51D8BF07F00937A49 /* Assets.xcassets in Resources */ = {isa = PBXBuildFile; fileRef = 02B7EFF41D8BF07F00937A49 /* Assets.xcassets */; };
		02B7EFF81D8BF07F00937A49 /* LaunchScreen.storyboard in Resources */ = {isa = PBXBuildFile; fileRef = 02B7EFF61D8BF07F00937A49 /* LaunchScreen.storyboard */; };
		02B7F0001D8C8A2A00937A49 /* changeColor.swift in Sources */ = {isa = PBXBuildFile; fileRef = 02B7EFFF1D8C8A2A00937A49 /* changeColor.swift */; };
		02B7F0021D8C8A6300937A49 /* FunFactsSource.swift in Sources */ = {isa = PBXBuildFile; fileRef = 02B7F0011D8C8A6300937A49 /* FunFactsSource.swift */; };
		18A9C7908024DABC76666ED1 /* Pods_ChuckNorriss.framework in Frameworks */ = {isa = PBXBuildFile; fileRef = 72B2E05B994969CFE95B5A95 /* Pods_ChuckNorriss.framework */; };
/* End PBXBuildFile section */

/* Begin PBXFileReference section */
		02B7EFEA1D8BF07E00937A49 /* ChuckNorriss.app */ = {isa = PBXFileReference; explicitFileType = wrapper.application; includeInIndex = 0; path = ChuckNorriss.app; sourceTree = BUILT_PRODUCTS_DIR; };
		02B7EFED1D8BF07E00937A49 /* AppDelegate.swift */ = {isa = PBXFileReference; lastKnownFileType = sourcecode.swift; path = AppDelegate.swift; sourceTree = "<group>"; };
		02B7EFEF1D8BF07E00937A49 /* ViewController.swift */ = {isa = PBXFileReference; lastKnownFileType = sourcecode.swift; path = ViewController.swift; sourceTree = "<group>"; };
		02B7EFF21D8BF07E00937A49 /* Base */ = {isa = PBXFileReference; lastKnownFileType = file.storyboard; name = Base; path = Base.lproj/Main.storyboard; sourceTree = "<group>"; };
		02B7EFF41D8BF07F00937A49 /* Assets.xcassets */ = {isa = PBXFileReference; lastKnownFileType = folder.assetcatalog; path = Assets.xcassets; sourceTree = "<group>"; };
		02B7EFF71D8BF07F00937A49 /* Base */ = {isa = PBXFileReference; lastKnownFileType = file.storyboard; name = Base; path = Base.lproj/LaunchScreen.storyboard; sourceTree = "<group>"; };
		02B7EFF91D8BF07F00937A49 /* Info.plist */ = {isa = PBXFileReference; lastKnownFileType = text.plist.xml; path = Info.plist; sourceTree = "<group>"; };
		02B7EFFF1D8C8A2A00937A49 /* changeColor.swift */ = {isa = PBXFileReference; fileEncoding = 4; lastKnownFileType = sourcecode.swift; path = changeColor.swift; sourceTree = "<group>"; };
		02B7F0011D8C8A6300937A49 /* FunFactsSource.swift */ = {isa = PBXFileReference; fileEncoding = 4; lastKnownFileType = sourcecode.swift; path = FunFactsSource.swift; sourceTree = "<group>"; };
		30908196390FDA9792284EA1 /* Pods-ChuckNorriss.release.xcconfig */ = {isa = PBXFileReference; includeInIndex = 1; lastKnownFileType = text.xcconfig; name = "Pods-ChuckNorriss.release.xcconfig"; path = "Pods/Target Support Files/Pods-ChuckNorriss/Pods-ChuckNorriss.release.xcconfig"; sourceTree = "<group>"; };
		72B2E05B994969CFE95B5A95 /* Pods_ChuckNorriss.framework */ = {isa = PBXFileReference; explicitFileType = wrapper.framework; includeInIndex = 0; path = Pods_ChuckNorriss.framework; sourceTree = BUILT_PRODUCTS_DIR; };
		EBA4EE113794F4AE966A2F44 /* Pods-ChuckNorriss.debug.xcconfig */ = {isa = PBXFileReference; includeInIndex = 1; lastKnownFileType = text.xcconfig; name = "Pods-ChuckNorriss.debug.xcconfig"; path = "Pods/Target Support Files/Pods-ChuckNorriss/Pods-ChuckNorriss.debug.xcconfig"; sourceTree = "<group>"; };
/* End PBXFileReference section */

/* Begin PBXFrameworksBuildPhase section */
		02B7EFE71D8BF07E00937A49 /* Frameworks */ = {
			isa = PBXFrameworksBuildPhase;
			buildActionMask = 2147483647;
			files = (
				18A9C7908024DABC76666ED1 /* Pods_ChuckNorriss.framework in Frameworks */,
			);
			runOnlyForDeploymentPostprocessing = 0;
		};
/* End PBXFrameworksBuildPhase section */

/* Begin PBXGroup section */
		02B7EFE11D8BF07E00937A49 = {
			isa = PBXGroup;
			children = (
				02B7EFEC1D8BF07E00937A49 /* ChuckNorriss */,
				02B7EFEB1D8BF07E00937A49 /* Products */,
				92EA5B5DF6043F2AA783F77C /* Pods */,
				E395A332B882BFBDAA93456D /* Frameworks */,
			);
			sourceTree = "<group>";
		};
		02B7EFEB1D8BF07E00937A49 /* Products */ = {
			isa = PBXGroup;
			children = (
				02B7EFEA1D8BF07E00937A49 /* ChuckNorriss.app */,
			);
			name = Products;
			sourceTree = "<group>";
		};
		02B7EFEC1D8BF07E00937A49 /* ChuckNorriss */ = {
			isa = PBXGroup;
			children = (
				02B7EFED1D8BF07E00937A49 /* AppDelegate.swift */,
				02B7EFEF1D8BF07E00937A49 /* ViewController.swift */,
				02B7F0011D8C8A6300937A49 /* FunFactsSource.swift */,
				02B7EFF11D8BF07E00937A49 /* Main.storyboard */,
				02B7EFFF1D8C8A2A00937A49 /* changeColor.swift */,
				02B7EFF41D8BF07F00937A49 /* Assets.xcassets */,
				02B7EFF61D8BF07F00937A49 /* LaunchScreen.storyboard */,
				02B7EFF91D8BF07F00937A49 /* Info.plist */,
			);
			path = ChuckNorriss;
			sourceTree = "<group>";
		};
		92EA5B5DF6043F2AA783F77C /* Pods */ = {
			isa = PBXGroup;
			children = (
				EBA4EE113794F4AE966A2F44 /* Pods-ChuckNorriss.debug.xcconfig */,
				30908196390FDA9792284EA1 /* Pods-ChuckNorriss.release.xcconfig */,
			);
			name = Pods;
			sourceTree = "<group>";
		};
		E395A332B882BFBDAA93456D /* Frameworks */ = {
			isa = PBXGroup;
			children = (
				72B2E05B994969CFE95B5A95 /* Pods_ChuckNorriss.framework */,
			);
			name = Frameworks;
			sourceTree = "<group>";
		};
/* End PBXGroup section */

/* Begin PBXNativeTarget section */
		02B7EFE91D8BF07E00937A49 /* ChuckNorriss */ = {
			isa = PBXNativeTarget;
			buildConfigurationList = 02B7EFFC1D8BF07F00937A49 /* Build configuration list for PBXNativeTarget "ChuckNorriss" */;
			buildPhases = (
				109E70B456BD049EB6E1DC68 /* [CP] Check Pods Manifest.lock */,
				02B7EFE61D8BF07E00937A49 /* Sources */,
				02B7EFE71D8BF07E00937A49 /* Frameworks */,
				02B7EFE81D8BF07E00937A49 /* Resources */,
				B7D8814FE85171EFE1EA0279 /* [CP] Embed Pods Frameworks */,
				0E7F684E260A7ECCC3AF5CBA /* [CP] Copy Pods Resources */,
			);
			buildRules = (
			);
			dependencies = (
			);
			name = ChuckNorriss;
			productName = ChuckNorriss;
			productReference = 02B7EFEA1D8BF07E00937A49 /* ChuckNorriss.app */;
			productType = "com.apple.product-type.application";
		};
/* End PBXNativeTarget section */

/* Begin PBXProject section */
		02B7EFE21D8BF07E00937A49 /* Project object */ = {
			isa = PBXProject;
			attributes = {
				LastSwiftUpdateCheck = 0800;
				LastUpgradeCheck = 0800;
				ORGANIZATIONNAME = "Ted Lam";
				TargetAttributes = {
					02B7EFE91D8BF07E00937A49 = {
						CreatedOnToolsVersion = 8.0;
						DevelopmentTeam = A6P9S26G6Y;
						ProvisioningStyle = Automatic;
					};
				};
			};
			buildConfigurationList = 02B7EFE51D8BF07E00937A49 /* Build configuration list for PBXProject "ChuckNorriss" */;
			compatibilityVersion = "Xcode 3.2";
			developmentRegion = English;
			hasScannedForEncodings = 0;
			knownRegions = (
				en,
				Base,
			);
			mainGroup = 02B7EFE11D8BF07E00937A49;
			productRefGroup = 02B7EFEB1D8BF07E00937A49 /* Products */;
			projectDirPath = "";
			projectRoot = "";
			targets = (
				02B7EFE91D8BF07E00937A49 /* ChuckNorriss */,
			);
		};
/* End PBXProject section */

/* Begin PBXResourcesBuildPhase section */
		02B7EFE81D8BF07E00937A49 /* Resources */ = {
			isa = PBXResourcesBuildPhase;
			buildActionMask = 2147483647;
			files = (
				02B7EFF81D8BF07F00937A49 /* LaunchScreen.storyboard in Resources */,
				02B7EFF51D8BF07F00937A49 /* Assets.xcassets in Resources */,
				02B7EFF31D8BF07E00937A49 /* Main.storyboard in Resources */,
			);
			runOnlyForDeploymentPostprocessing = 0;
		};
/* End PBXResourcesBuildPhase section */

/* Begin PBXShellScriptBuildPhase section */
		0E7F684E260A7ECCC3AF5CBA /* [CP] Copy Pods Resources */ = {
			isa = PBXShellScriptBuildPhase;
			buildActionMask = 2147483647;
			files = (
			);
			inputPaths = (
			);
			name = "[CP] Copy Pods Resources";
			outputPaths = (
			);
			runOnlyForDeploymentPostprocessing = 0;
			shellPath = /bin/sh;
			shellScript = "\"${SRCROOT}/Pods/Target Support Files/Pods-ChuckNorriss/Pods-ChuckNorriss-resources.sh\"\n";
			showEnvVarsInLog = 0;
		};
		109E70B456BD049EB6E1DC68 /* [CP] Check Pods Manifest.lock */ = {
			isa = PBXShellScriptBuildPhase;
			buildActionMask = 2147483647;
			files = (
			);
			inputPaths = (
			);
			name = "[CP] Check Pods Manifest.lock";
			outputPaths = (
			);
			runOnlyForDeploymentPostprocessing = 0;
			shellPath = /bin/sh;
			shellScript = "diff \"${PODS_ROOT}/../Podfile.lock\" \"${PODS_ROOT}/Manifest.lock\" > /dev/null\nif [[ $? != 0 ]] ; then\n    cat << EOM\nerror: The sandbox is not in sync with the Podfile.lock. Run 'pod install' or update your CocoaPods installation.\nEOM\n    exit 1\nfi\n";
			showEnvVarsInLog = 0;
		};
		B7D8814FE85171EFE1EA0279 /* [CP] Embed Pods Frameworks */ = {
			isa = PBXShellScriptBuildPhase;
			buildActionMask = 2147483647;
			files = (
			);
			inputPaths = (
			);
			name = "[CP] Embed Pods Frameworks";
			outputPaths = (
			);
			runOnlyForDeploymentPostprocessing = 0;
			shellPath = /bin/sh;
			shellScript = "\"${SRCROOT}/Pods/Target Support Files/Pods-ChuckNorriss/Pods-ChuckNorriss-frameworks.sh\"\n";
			showEnvVarsInLog = 0;
		};
/* End PBXShellScriptBuildPhase section */

/* Begin PBXSourcesBuildPhase section */
		02B7EFE61D8BF07E00937A49 /* Sources */ = {
			isa = PBXSourcesBuildPhase;
			buildActionMask = 2147483647;
			files = (
				02B7EFF01D8BF07E00937A49 /* ViewController.swift in Sources */,
				02B7F0001D8C8A2A00937A49 /* changeColor.swift in Sources */,
				02B7F0021D8C8A6300937A49 /* FunFactsSource.swift in Sources */,
				02B7EFEE1D8BF07E00937A49 /* AppDelegate.swift in Sources */,
			);
			runOnlyForDeploymentPostprocessing = 0;
		};
/* End PBXSourcesBuildPhase section */

/* Begin PBXVariantGroup section */
		02B7EFF11D8BF07E00937A49 /* Main.storyboard */ = {
			isa = PBXVariantGroup;
			children = (
				02B7EFF21D8BF07E00937A49 /* Base */,
			);
			name = Main.storyboard;
			sourceTree = "<group>";
		};
		02B7EFF61D8BF07F00937A49 /* LaunchScreen.storyboard */ = {
			isa = PBXVariantGroup;
			children = (
				02B7EFF71D8BF07F00937A49 /* Base */,
			);
			name = LaunchScreen.storyboard;
			sourceTree = "<group>";
		};
/* End PBXVariantGroup section */

/* Begin XCBuildConfiguration section */
		02B7EFFA1D8BF07F00937A49 /* Debug */ = {
			isa = XCBuildConfiguration;
			buildSettings = {
				ALWAYS_SEARCH_USER_PATHS = NO;
				CLANG_ANALYZER_NONNULL = YES;
				CLANG_CXX_LANGUAGE_STANDARD = "gnu++0x";
				CLANG_CXX_LIBRARY = "libc++";
				CLANG_ENABLE_MODULES = YES;
				CLANG_ENABLE_OBJC_ARC = YES;
				CLANG_WARN_BOOL_CONVERSION = YES;
				CLANG_WARN_CONSTANT_CONVERSION = YES;
				CLANG_WARN_DIRECT_OBJC_ISA_USAGE = YES_ERROR;
				CLANG_WARN_DOCUMENTATION_COMMENTS = YES;
				CLANG_WARN_EMPTY_BODY = YES;
				CLANG_WARN_ENUM_CONVERSION = YES;
				CLANG_WARN_INFINITE_RECURSION = YES;
				CLANG_WARN_INT_CONVERSION = YES;
				CLANG_WARN_OBJC_ROOT_CLASS = YES_ERROR;
				CLANG_WARN_SUSPICIOUS_MOVE = YES;
				CLANG_WARN_SUSPICIOUS_MOVES = YES;
				CLANG_WARN_UNREACHABLE_CODE = YES;
				CLANG_WARN__DUPLICATE_METHOD_MATCH = YES;
				"CODE_SIGN_IDENTITY[sdk=iphoneos*]" = "iPhone Developer";
				COPY_PHASE_STRIP = NO;
				DEBUG_INFORMATION_FORMAT = dwarf;
				ENABLE_STRICT_OBJC_MSGSEND = YES;
				ENABLE_TESTABILITY = YES;
				GCC_C_LANGUAGE_STANDARD = gnu99;
				GCC_DYNAMIC_NO_PIC = NO;
				GCC_NO_COMMON_BLOCKS = YES;
				GCC_OPTIMIZATION_LEVEL = 0;
				GCC_PREPROCESSOR_DEFINITIONS = (
					"DEBUG=1",
					"$(inherited)",
				);
				GCC_WARN_64_TO_32_BIT_CONVERSION = YES;
				GCC_WARN_ABOUT_RETURN_TYPE = YES_ERROR;
				GCC_WARN_UNDECLARED_SELECTOR = YES;
				GCC_WARN_UNINITIALIZED_AUTOS = YES_AGGRESSIVE;
				GCC_WARN_UNUSED_FUNCTION = YES;
				GCC_WARN_UNUSED_VARIABLE = YES;
				IPHONEOS_DEPLOYMENT_TARGET = 10.0;
				MTL_ENABLE_DEBUG_INFO = YES;
				ONLY_ACTIVE_ARCH = YES;
				SDKROOT = iphoneos;
				SWIFT_ACTIVE_COMPILATION_CONDITIONS = DEBUG;
				SWIFT_OPTIMIZATION_LEVEL = "-Onone";
			};
			name = Debug;
		};
		02B7EFFB1D8BF07F00937A49 /* Release */ = {
			isa = XCBuildConfiguration;
			buildSettings = {
				ALWAYS_SEARCH_USER_PATHS = NO;
				CLANG_ANALYZER_NONNULL = YES;
				CLANG_CXX_LANGUAGE_STANDARD = "gnu++0x";
				CLANG_CXX_LIBRARY = "libc++";
				CLANG_ENABLE_MODULES = YES;
				CLANG_ENABLE_OBJC_ARC = YES;
				CLANG_WARN_BOOL_CONVERSION = YES;
				CLANG_WARN_CONSTANT_CONVERSION = YES;
				CLANG_WARN_DIRECT_OBJC_ISA_USAGE = YES_ERROR;
				CLANG_WARN_DOCUMENTATION_COMMENTS = YES;
				CLANG_WARN_EMPTY_BODY = YES;
				CLANG_WARN_ENUM_CONVERSION = YES;
				CLANG_WARN_INFINITE_RECURSION = YES;
				CLANG_WARN_INT_CONVERSION = YES;
				CLANG_WARN_OBJC_ROOT_CLASS = YES_ERROR;
				CLANG_WARN_SUSPICIOUS_MOVE = YES;
				CLANG_WARN_SUSPICIOUS_MOVES = YES;
				CLANG_WARN_UNREACHABLE_CODE = YES;
				CLANG_WARN__DUPLICATE_METHOD_MATCH = YES;
				"CODE_SIGN_IDENTITY[sdk=iphoneos*]" = "iPhone Developer";
				COPY_PHASE_STRIP = NO;
				DEBUG_INFORMATION_FORMAT = "dwarf-with-dsym";
				ENABLE_NS_ASSERTIONS = NO;
				ENABLE_STRICT_OBJC_MSGSEND = YES;
				GCC_C_LANGUAGE_STANDARD = gnu99;
				GCC_NO_COMMON_BLOCKS = YES;
				GCC_WARN_64_TO_32_BIT_CONVERSION = YES;
				GCC_WARN_ABOUT_RETURN_TYPE = YES_ERROR;
				GCC_WARN_UNDECLARED_SELECTOR = YES;
				GCC_WARN_UNINITIALIZED_AUTOS = YES_AGGRESSIVE;
				GCC_WARN_UNUSED_FUNCTION = YES;
				GCC_WARN_UNUSED_VARIABLE = YES;
				IPHONEOS_DEPLOYMENT_TARGET = 10.0;
				MTL_ENABLE_DEBUG_INFO = NO;
				SDKROOT = iphoneos;
				SWIFT_OPTIMIZATION_LEVEL = "-Owholemodule";
				VALIDATE_PRODUCT = YES;
			};
			name = Release;
		};
		02B7EFFD1D8BF07F00937A49 /* Debug */ = {
			isa = XCBuildConfiguration;
			baseConfigurationReference = EBA4EE113794F4AE966A2F44 /* Pods-ChuckNorriss.debug.xcconfig */;
			buildSettings = {
				ALWAYS_EMBED_SWIFT_STANDARD_LIBRARIES = YES;
				ASSETCATALOG_COMPILER_APPICON_NAME = AppIcon;
				DEVELOPMENT_TEAM = A6P9S26G6Y;
				INFOPLIST_FILE = ChuckNorriss/Info.plist;
				IPHONEOS_DEPLOYMENT_TARGET = 9.3;
				LD_RUNPATH_SEARCH_PATHS = "$(inherited) @executable_path/Frameworks";
				PRODUCT_BUNDLE_IDENTIFIER = Ted.ChuckNorriss;
				PRODUCT_NAME = "$(TARGET_NAME)";
				SWIFT_VERSION = 3.0;
			};
			name = Debug;
		};
		02B7EFFE1D8BF07F00937A49 /* Release */ = {
			isa = XCBuildConfiguration;
			baseConfigurationReference = 30908196390FDA9792284EA1 /* Pods-ChuckNorriss.release.xcconfig */;
			buildSettings = {
				ALWAYS_EMBED_SWIFT_STANDARD_LIBRARIES = YES;
				ASSETCATALOG_COMPILER_APPICON_NAME = AppIcon;
				DEVELOPMENT_TEAM = A6P9S26G6Y;
				INFOPLIST_FILE = ChuckNorriss/Info.plist;
				IPHONEOS_DEPLOYMENT_TARGET = 9.3;
				LD_RUNPATH_SEARCH_PATHS = "$(inherited) @executable_path/Frameworks";
				PRODUCT_BUNDLE_IDENTIFIER = Ted.ChuckNorriss;
				PRODUCT_NAME = "$(TARGET_NAME)";
				SWIFT_VERSION = 3.0;
			};
			name = Release;
		};
/* End XCBuildConfiguration section */

/* Begin XCConfigurationList section */
		02B7EFE51D8BF07E00937A49 /* Build configuration list for PBXProject "ChuckNorriss" */ = {
			isa = XCConfigurationList;
			buildConfigurations = (
				02B7EFFA1D8BF07F00937A49 /* Debug */,
				02B7EFFB1D8BF07F00937A49 /* Release */,
			);
			defaultConfigurationIsVisible = 0;
			defaultConfigurationName = Release;
		};
		02B7EFFC1D8BF07F00937A49 /* Build configuration list for PBXNativeTarget "ChuckNorriss" */ = {
			isa = XCConfigurationList;
			buildConfigurations = (
				02B7EFFD1D8BF07F00937A49 /* Debug */,
				02B7EFFE1D8BF07F00937A49 /* Release */,
			);
			defaultConfigurationIsVisible = 0;
			defaultConfigurationName = Release;
		};
/* End XCConfigurationList section */
	};
	rootObject = 02B7EFE21D8BF07E00937A49 /* Project object */;
}
